
Microsoft Visual Studio Solution File, Format Version 12.00
# Visual Studio Version 17
VisualStudioVersion = 17.2.32616.157
MinimumVisualStudioVersion = 10.0.40219.1
Project("{9A19103F-16F7-4668-BE54-9A1E7A4F7556}") = "LobotomyCorporationMods.BadLuckProtectionForGifts", "LobotomyCorporationMods.BadLuckProtectionForGifts\LobotomyCorporationMods.BadLuckProtectionForGifts.csproj", "{19D3E31B-FA1A-4C4C-A747-CD060FA9937F}"
EndProject
Project("{9A19103F-16F7-4668-BE54-9A1E7A4F7556}") = "LobotomyCorporationMods.Test", "LobotomyCorporationMods.Test\LobotomyCorporationMods.Test.csproj", "{5186F30E-9617-4955-BE97-0E496DE2148B}"
EndProject
Project("{FAE04EC0-301F-11D3-BF4B-00C04F79EFBC}") = "LobotomyCorporationMods.Common", "LobotomyCorporationMods.Common\LobotomyCorporationMods.Common.csproj", "{D9BB018C-8BB3-4639-983C-F58969C8574E}"
EndProject
Project("{FAE04EC0-301F-11D3-BF4B-00C04F79EFBC}") = "LobotomyCorporationMods.FreeCustomization", "LobotomyCorporationMods.FreeCustomization\LobotomyCorporationMods.FreeCustomization.csproj", "{4D393EB4-5416-4B79-AFE2-7AE6695D0790}"
EndProject
Project("{2150E333-8FDC-42A3-9474-1A3956D46DE8}") = "Solution Items", "Solution Items", "{608ADAC7-1231-4E7C-9D86-269B0543D27B}"
	ProjectSection(SolutionItems) = preProject
		.editorconfig = .editorconfig
		README.md = README.md
	EndProjectSection
EndProject
Project("{FAE04EC0-301F-11D3-BF4B-00C04F79EFBC}") = "LobotomyCorporationMods.ForceDayEndAfterMaxMeltdownLevel", "LobotomyCorporationMods.ForceDayEndAfterMaxMeltdownLevel\LobotomyCorporationMods.ForceDayEndAfterMaxMeltdownLevel.csproj", "{5742127B-B788-41C3-8DB9-A09709E51EF6}"
EndProject
Global
	GlobalSection(SolutionConfigurationPlatforms) = preSolution
		Debug|Any CPU = Debug|Any CPU
		Release|Any CPU = Release|Any CPU
	EndGlobalSection
	GlobalSection(ProjectConfigurationPlatforms) = postSolution
		{19D3E31B-FA1A-4C4C-A747-CD060FA9937F}.Debug|Any CPU.ActiveCfg = Debug|Any CPU
		{19D3E31B-FA1A-4C4C-A747-CD060FA9937F}.Debug|Any CPU.Build.0 = Debug|Any CPU
		{19D3E31B-FA1A-4C4C-A747-CD060FA9937F}.Release|Any CPU.ActiveCfg = Release|Any CPU
		{19D3E31B-FA1A-4C4C-A747-CD060FA9937F}.Release|Any CPU.Build.0 = Release|Any CPU
		{5186F30E-9617-4955-BE97-0E496DE2148B}.Debug|Any CPU.ActiveCfg = Debug|Any CPU
		{5186F30E-9617-4955-BE97-0E496DE2148B}.Debug|Any CPU.Build.0 = Debug|Any CPU
		{5186F30E-9617-4955-BE97-0E496DE2148B}.Release|Any CPU.ActiveCfg = Release|Any CPU
		{5186F30E-9617-4955-BE97-0E496DE2148B}.Release|Any CPU.Build.0 = Release|Any CPU
		{D9BB018C-8BB3-4639-983C-F58969C8574E}.Debug|Any CPU.ActiveCfg = Debug|Any CPU
		{D9BB018C-8BB3-4639-983C-F58969C8574E}.Debug|Any CPU.Build.0 = Debug|Any CPU
		{D9BB018C-8BB3-4639-983C-F58969C8574E}.Release|Any CPU.ActiveCfg = Release|Any CPU
		{D9BB018C-8BB3-4639-983C-F58969C8574E}.Release|Any CPU.Build.0 = Release|Any CPU
		{4D393EB4-5416-4B79-AFE2-7AE6695D0790}.Debug|Any CPU.ActiveCfg = Debug|Any CPU
		{4D393EB4-5416-4B79-AFE2-7AE6695D0790}.Debug|Any CPU.Build.0 = Debug|Any CPU
		{4D393EB4-5416-4B79-AFE2-7AE6695D0790}.Release|Any CPU.ActiveCfg = Release|Any CPU
		{4D393EB4-5416-4B79-AFE2-7AE6695D0790}.Release|Any CPU.Build.0 = Release|Any CPU
		{5742127B-B788-41C3-8DB9-A09709E51EF6}.Debug|Any CPU.ActiveCfg = Debug|Any CPU
		{5742127B-B788-41C3-8DB9-A09709E51EF6}.Debug|Any CPU.Build.0 = Debug|Any CPU
		{5742127B-B788-41C3-8DB9-A09709E51EF6}.Release|Any CPU.ActiveCfg = Release|Any CPU
		{5742127B-B788-41C3-8DB9-A09709E51EF6}.Release|Any CPU.Build.0 = Release|Any CPU
	EndGlobalSection
	GlobalSection(SolutionProperties) = preSolution
		HideSolutionNode = FALSE
	EndGlobalSection
	GlobalSection(ExtensibilityGlobals) = postSolution
		SolutionGuid = {E9157EDB-3B67-4DDC-84D9-69BC893D31B1}
	EndGlobalSection
EndGlobal
